Microsoft Visual Studio Solution File, Format Version 12.00
# Visual Studio Version 17
VisualStudioVersion = 17.5.2.0
MinimumVisualStudioVersion = 10.0.40219.1
Project("{FAE04EC0-301F-11D3-BF4B-00C04F79EFBC}") = "csharp-journey", "csharp-journey.csproj", "{07566163-082D-65A7-AFA8-DDD9A8BB5025}"
EndProject
Global
	GlobalSection(SolutionConfigurationPlatforms) = preSolution
		Debug|Any CPU = Debug|Any CPU
		Release|Any CPU = Release|Any CPU
	EndGlobalSection
	GlobalSection(ProjectConfigurationPlatforms) = postSolution
		{07566163-082D-65A7-AFA8-DDD9A8BB5025}.Debug|Any CPU.ActiveCfg = Debug|Any CPU
		{07566163-082D-65A7-AFA8-DDD9A8BB5025}.Debug|Any CPU.Build.0 = Debug|Any CPU
		{07566163-082D-65A7-AFA8-DDD9A8BB5025}.Release|Any CPU.ActiveCfg = Release|Any CPU
		{07566163-082D-65A7-AFA8-DDD9A8BB5025}.Release|Any CPU.Build.0 = Release|Any CPU
	EndGlobalSection
	GlobalSection(SolutionProperties) = preSolution
		HideSolutionNode = FALSE
	EndGlobalSection
	GlobalSection(ExtensibilityGlobals) = postSolution
		SolutionGuid = {3A9DB0F5-76BF-4172-AF56-4E5B19622199}
	EndGlobalSection
EndGlobal
